# GoldMiner 矿物配置
# ====================
# 概率表示在对应品质矿产生成时，该矿物被选中的相对概率

# 普通矿物 - 各种石头
common:
  STONE:
    probability: 15.0
    coin: 1
    exp: 1
  COBBLESTONE:
    probability: 15.0
    coin: 1
    exp: 1
  CALCITE:
    probability: 8.0
    coin: 2
    exp: 1
  ANDESITE:
    probability: 8.0
    coin: 1
    exp: 1
  BASALT:
    probability: 8.0
    coin: 2
    exp: 1
  BLACKSTONE:
    probability: 8.0
    coin: 2
    exp: 1
  GRANITE:
    probability: 8.0
    coin: 1
    exp: 1
  NETHERRACK:
    probability: 6.0
    coin: 1
    exp: 1
  END_STONE:
    probability: 6.0
    coin: 3
    exp: 2
  DIORITE:
    probability: 8.0
    coin: 1
    exp: 1
  TUFF:
    probability: 5.0
    coin: 1
    exp: 1
  DEEPSLATE:
    probability: 5.0
    coin: 2
    exp: 1

# 稀有矿物
rare:
  COAL_ORE:
    probability: 20.0
    coin: 10
    exp: 5
  DEEPSLATE_COAL_ORE:
    probability: 15.0
    coin: 12
    exp: 6
  IRON_ORE:
    probability: 18.0
    coin: 15
    exp: 8
  COPPER_ORE:
    probability: 17.0
    coin: 12
    exp: 6
  DEEPSLATE_IRON_ORE:
    probability: 12.0
    coin: 18
    exp: 9
  DEEPSLATE_COPPER_ORE:
    probability: 10.0
    coin: 14
    exp: 7
  AMETHYST_BLOCK:
    probability: 8.0
    coin: 20
    exp: 10

# 史诗矿物
epic:
  RAW_IRON_BLOCK:
    probability: 12.0
    coin: 50
    exp: 25
  RAW_COPPER_BLOCK:
    probability: 12.0
    coin: 50
    exp: 25
  RAW_GOLD_BLOCK:
    probability: 10.0
    coin: 80
    exp: 40
  COAL_BLOCK:
    probability: 9.0
    coin: 40
    exp: 20
  NETHER_QUARTZ_ORE:
    probability: 8.0
    coin: 60
    exp: 30
  NETHER_GOLD_ORE:
    probability: 8.0
    coin: 70
    exp: 35
  GILDED_BLACKSTONE:
    probability: 7.0
    coin: 65
    exp: 32
  GOLD_ORE:
    probability: 6.0
    coin: 80
    exp: 40
  DEEPSLATE_GOLD_ORE:
    probability: 5.0
    coin: 85
    exp: 42
  DEEPSLATE_LAPIS_ORE:
    probability: 5.0
    coin: 55
    exp: 27
  LAPIS_ORE:
    probability: 5.0
    coin: 50
    exp: 25
  REDSTONE_ORE:
    probability: 5.0
    coin: 55
    exp: 27
  DEEPSLATE_REDSTONE_ORE:
    probability: 4.0
    coin: 60
    exp: 30

# 传奇矿物
legendary:
  DIAMOND_ORE:
    probability: 12.0
    coin: 500
    exp: 100
  DEEPSLATE_DIAMOND_ORE:
    probability: 10.0
    coin: 550
    exp: 110
  EMERALD_ORE:
    probability: 10.0
    coin: 600
    exp: 120
  DEEPSLATE_EMERALD_ORE:
    probability: 8.0
    coin: 650
    exp: 130
  ANCIENT_DEBRIS:
    probability: 12.0
    coin: 2000
    exp: 300
  DIAMOND_BLOCK:
    probability: 8.0
    coin: 4500
    exp: 900
  IRON_BLOCK:
    probability: 8.0
    coin: 450
    exp: 90
  COPPER_BLOCK:
    probability: 8.0
    coin: 350
    exp: 70
  LAPIS_BLOCK:
    probability: 7.0
    coin: 450
    exp: 90
  GOLD_BLOCK:
    probability: 6.0
    coin: 4500
    exp: 900
  NETHERITE_BLOCK:
    probability: 2.0
    coin: 66666
    exp: 99999
  REDSTONE_BLOCK:
    probability: 5.0
    coin: 450
    exp: 90
  EMERALD_BLOCK:
    probability: 4.0
    coin: 5400
    exp: 1080
